<?xml version="1.0" encoding="utf-8"?>
<Project ToolsVersion="4.0" xmlns="http://schemas.microsoft.com/developer/msbuild/2003">
  <ItemGroup>
    <ApplicationDefinition Include="App.xaml" />
  </ItemGroup>
  <ItemGroup>
    <Page Include="Themes\Generic.xaml">
      <Filter>Themes</Filter>
    </Page>
    <Page Include="UI\Xaml\View\Pages\NetworkSettingsPage.xaml">
      <Filter>UI\Xaml\View\Pages</Filter>
    </Page>
    <Page Include="UI\Xaml\View\Pages\TasksPage.xaml">
      <Filter>UI\Xaml\View\Pages</Filter>
    </Page>
    <Page Include="UI\Xaml\View\Pages\NatToolsPage.xaml">
      <Filter>UI\Xaml\View\Pages</Filter>
    </Page>
    <Page Include="UI\Xaml\View\Pages\ServersPage.xaml">
      <Filter>UI\Xaml\View\Pages</Filter>
    </Page>
    <Page Include="UI\Xaml\View\Pages\HomePage.xaml">
      <Filter>UI\Xaml\View\Pages</Filter>
    </Page>
    <Page Include="UI\Xaml\View\Pages\MainView.xaml">
      <Filter>UI\Xaml\View\Pages</Filter>
    </Page>
    <Page Include="UI\Xaml\View\Pages\ContactsPage.xaml">
      <Filter>UI\Xaml\View\Pages</Filter>
    </Page>
    <Page Include="Styles\NavigationView.xaml">
      <Filter>Styles</Filter>
    </Page>
    <Page Include="UI\Xaml\View\Pages\FilesPage.xaml">
      <Filter>UI\Xaml\View\Pages</Filter>
    </Page>
    <Page Include="UI\Xaml\View\Pages\SettingsPages\MainSettingsPage.xaml">
      <Filter>UI\Xaml\View\Pages\SettingsPages</Filter>
    </Page>
    <Page Include="UI\Xaml\View\Pages\SettingsPages\AboutPage.xaml">
      <Filter>UI\Xaml\View\Pages\SettingsPages</Filter>
    </Page>
    <Page Include="UI\Xaml\View\Pages\SettingsPages\ThemesSettingsPage.xaml">
      <Filter>UI\Xaml\View\Pages\SettingsPages</Filter>
    </Page>
    <Page Include="Controls\SpeedGraph\SpeedGraph.xaml">
      <Filter>Controls\SpeedGraph</Filter>
    </Page>
    <Page Include="Styles\SettingsStyles.xaml">
      <Filter>Themes</Filter>
    </Page>
    <Page Include="Styles\CustomThemeBrushes.xaml">
      <Filter>Themes</Filter>
    </Page>
    <Page Include="UI\Xaml\View\Pages\SettingsPages\SettingsPage.xaml">
      <Filter>UI\Xaml\View\Pages\SettingsPages</Filter>
    </Page>
    <Page Include="UI\Xaml\View\Windows\TorrentCheckModalWindow.xaml">
      <Filter>UI\Xaml\View\Windows</Filter>
    </Page>
    <Page Include="UI\Xaml\View\Pages\TaskSummaryPage.xaml">
      <Filter>UI\Xaml\View\Pages</Filter>
    </Page>
    <Page Include="UI\Xaml\View\Pages\TaskPeersListPage.xaml">
      <Filter>UI\Xaml\View\Pages</Filter>
    </Page>
    <Page Include="UI\Xaml\View\Pages\TaskTrackersPage.xaml">
      <Filter>UI\Xaml\View\Pages</Filter>
    </Page>
    <Page Include="UI\Xaml\View\Pages\TaskFilesPage.xaml">
      <Filter>UI\Xaml\View\Pages</Filter>
    </Page>
    <Page Include="UI\Xaml\View\Pages\TorrentCheckGeneralPage.xaml">
      <Filter>UI\Xaml\View\Pages</Filter>
    </Page>
    <Page Include="UI\Xaml\View\Dialog\TorrentMetaDataDownloadDialog.xaml">
      <Filter>UI\Xaml\View\Dialog</Filter>
    </Page>
    <Page Include="UI\Xaml\View\Dialog\HttpDownloadDialog.xaml">
      <Filter>UI\Xaml\View\Dialog</Filter>
    </Page>
    <Page Include="UI\Xaml\Control\Card\TitleCard_ResourceDictionary.xaml">
      <Filter>UI\Xaml\Control\Card</Filter>
    </Page>
    <Page Include="MainWindow.xaml">
      <Filter>UI\Xaml\View\Windows</Filter>
    </Page>
    <Page Include="UI\Xaml\View\Dialog\RSSFeedSettingsDialog.xaml" />
    <Page Include="UI\Xaml\View\Pages\SettingsPages\DownloadSettingsPage.xaml" />
    <Page Include="UI\Xaml\Control\HomePage\Header\HeaderCarousel.xaml">
      <Filter>UI\Xaml\Control\HomePage\Header</Filter>
    </Page>
    <Page Include="UI\Xaml\Control\HomePage\Header\HeaderTile_ResourceDictionary.xaml">
      <Filter>UI\Xaml\Control\HomePage\Header</Filter>
    </Page>
    <Page Include="UI\Xaml\Control\HomePage\Header\AnimatedImage.xaml">
      <Filter>UI\Xaml\Control\HomePage\Header</Filter>
    </Page>
    <Page Include="UI\Shell\NotifyIconContextMenu.xaml">
      <Filter>UI\Shell</Filter>
    </Page>
    <Page Include="UI\Xaml\View\Pages\RSSPage.xaml">
      <Filter>UI\Xaml\View\Pages</Filter>
    </Page>
    <Page Include="UI\Xaml\View\Pages\SettingsPages\BittorrentSettingsPage.xaml">
      <Filter>UI\Xaml\View\Pages\SettingsPages</Filter>
    </Page>
    <Page Include="UI\Xaml\View\Pages\SettingsPages\IPFilterSettingsPage.xaml">
      <Filter>UI\Xaml\View\Pages\SettingsPages</Filter>
    </Page>
    <Page Include="UI\Xaml\View\Dialog\AddRSSFeedDialog.xaml">
      <Filter>UI\Xaml\View\Dialog</Filter>
    </Page>
  </ItemGroup>
  <ItemGroup>
    <Midl Include="MainWindow.idl" />
    <Midl Include="Models\models.idl">
      <Filter>Models</Filter>
    </Midl>
    <Midl Include="ViewModels\MainViewModel.idl">
      <Filter>ViewModels</Filter>
    </Midl>
    <Midl Include="ViewModels\NetworkSettingsViewModel.idl">
      <Filter>ViewModels</Filter>
    </Midl>
    <Midl Include="ViewModels\SettingsViewModel.idl">
      <Filter>ViewModels</Filter>
    </Midl>
    <Midl Include="ViewModels\TransferViewModel.idl">
      <Filter>ViewModels</Filter>
    </Midl>
    <Midl Include="ViewModels\PeerViewModel.idl">
      <Filter>ViewModels</Filter>
    </Midl>
    <Midl Include="ViewModels\NetworkViewModel.idl">
      <Filter>ViewModels</Filter>
    </Midl>
    <Midl Include="ViewModels\ObservableObject.idl">
      <Filter>ViewModels</Filter>
    </Midl>
    <Midl Include="UI\Xaml\View\Pages\NetworkSettingsPage.idl">
      <Filter>UI\Xaml\View\Pages</Filter>
    </Midl>
    <Midl Include="UI\Xaml\View\Pages\NatToolsPage.idl">
      <Filter>UI\Xaml\View\Pages</Filter>
    </Midl>
    <Midl Include="Helpers\NavItemIconHelper.idl">
      <Filter>Helpers</Filter>
    </Midl>
    <Midl Include="ViewModels\TaskViewModel.idl">
      <Filter>ViewModels</Filter>
    </Midl>
    <Midl Include="ViewModels\DisplayItems.idl">
      <Filter>ViewModels</Filter>
    </Midl>
    <Midl Include="mvvm_framework\mvvm_framework_events.idl">
      <Filter>mvvm_framework</Filter>
    </Midl>
    <Midl Include="mvvm_framework\mvvm_framework_inf.idl">
      <Filter>mvvm_framework</Filter>
    </Midl>
    <Midl Include="ViewModels\TasksViewModel.idl">
      <Filter>ViewModels</Filter>
    </Midl>
    <Midl Include="Core\DataGraph\ReadableUnitConverterWinRT.idl">
      <Filter>Core\DataGraph</Filter>
    </Midl>
    <Midl Include="UI\Xaml\View\Pages\SettingsPages\SettingsPage.idl">
      <Filter>UI\Xaml\View\Pages\SettingsPages</Filter>
    </Midl>
    <Midl Include="UI\Xaml\Media\Animations\Animations.idl">
      <Filter>UI\Xaml\Media\Animations</Filter>
    </Midl>
    <Midl Include="UI\Xaml\Media\Animations\EffectAnimations.idl">
      <Filter>UI\Xaml\Media\Animations</Filter>
    </Midl>
    <Midl Include="UI\Xaml\Media\Enums.idl">
      <Filter>UI\Xaml\Media</Filter>
    </Midl>
    <Midl Include="UI\Xaml\Media\Shadows\AttachedCardShadow.idl">
      <Filter>UI\Xaml\Media\Shadows</Filter>
    </Midl>
    <Midl Include="UI\Xaml\Media\Visuals\Visuals.idl">
      <Filter>UI\Xaml\Media\Visuals</Filter>
    </Midl>
    <Midl Include="UI\Xaml\Control\Card\TitleCard.idl">
      <Filter>UI\Xaml\Control\Card</Filter>
    </Midl>
    <Midl Include="ViewModels\TorrentMetadataViewModel.idl" />
    <Midl Include="ViewModels\RSSViewModel.idl" />
    <Midl Include="UI\Xaml\View\Pages\RSSPage.idl" />
    <Midl Include="UI\Xaml\View\Dialog\RSSFeedSettingsDialog.idl" />
    <Midl Include="UI\Xaml\Control\HomePage\Header\HeaderCarousel.idl">
      <Filter>UI\Xaml\Control\HomePage\Header</Filter>
    </Midl>
    <Midl Include="UI\Xaml\Control\HomePage\Header\HeaderTile.idl">
      <Filter>UI\Xaml\Control\HomePage\Header</Filter>
    </Midl>
    <Midl Include="UI\Xaml\Control\HomePage\Header\AnimatedImage.idl">
      <Filter>UI\Xaml\Control\HomePage\Header</Filter>
    </Midl>
    <Midl Include="UI\Xaml\Media\Pipelines\PipelineBrush.idl">
      <Filter>UI\Xaml\Media\Pipelines</Filter>
    </Midl>
    <Midl Include="UI\Xaml\Media\Effects\Effects.idl">
      <Filter>UI\Xaml\Media\Effects</Filter>
    </Midl>
    <Midl Include="UI\Xaml\Media\Brushes\Brushes.idl">
      <Filter>UI\Xaml\Media\Brushes</Filter>
    </Midl>
    <Midl Include="UI\Xaml\View\Pages\SettingsPages\AdvancedOptionItem.idl">
      <Filter>UI\Xaml\View\Pages\SettingsPages</Filter>
    </Midl>
    <Midl Include="UI\Xaml\View\Dialog\AddRSSFeedDialog.idl">
      <Filter>UI\Xaml\View\Dialog</Filter>
    </Midl>
  </ItemGroup>
  <ItemGroup>
    <ClCompile Include="pch.cpp" />
    <ClCompile Include="ViewModels\MainViewModel.cpp" />
    <ClCompile Include="Core\NetworkDetector.cpp">
      <Filter>Core</Filter>
    </ClCompile>
    <ClCompile Include="Models\NetworkInfo.cpp">
      <Filter>Models</Filter>
    </ClCompile>
    <ClCompile Include="ViewModels\MainViewModel.cpp">
      <Filter>ViewModels</Filter>
    </ClCompile>
    <ClCompile Include="ViewModels\NetworkSettingsViewModel.cpp">
      <Filter>ViewModels</Filter>
    </ClCompile>
    <ClCompile Include="ViewModels\PeerViewModel.cpp">
      <Filter>ViewModels</Filter>
    </ClCompile>
    <ClCompile Include="ViewModels\SettingsViewModel.cpp">
      <Filter>ViewModels</Filter>
    </ClCompile>
    <ClCompile Include="ViewModels\TransferViewModel.cpp">
      <Filter>ViewModels</Filter>
    </ClCompile>
    <ClCompile Include="ViewModels\NetworkViewModel.cpp">
      <Filter>ViewModels</Filter>
    </ClCompile>
    <ClCompile Include="ViewModels\ObservableObject.cpp">
      <Filter>ViewModels</Filter>
    </ClCompile>
    <ClCompile Include="ThirdParty\Sqlite\sqlite3.c">
      <Filter>ThirdPatry\sqlite</Filter>
    </ClCompile>
    <ClCompile Include="Models\NetModel.cpp" />
    <ClCompile Include="Helpers\NavItemIconHelper.cpp" />
    <ClCompile Include="Helpers\WindowHelper.cpp">
      <Filter>Helpers</Filter>
    </ClCompile>
    <ClCompile Include="Core\torrentCore\libtorrentHandle.cpp">
      <Filter>Core\torrentCore</Filter>
    </ClCompile>
    <ClCompile Include="Core\torrentCore\TorrentStateManager.cpp">
      <Filter>Core\torrentCore</Filter>
    </ClCompile>
    <ClCompile Include="ViewModels\TaskViewModel.cpp">
      <Filter>ViewModels</Filter>
    </ClCompile>
    <ClCompile Include="ViewModels\DisplayItems.cpp">
      <Filter>ViewModels</Filter>
    </ClCompile>
    <ClCompile Include="ViewModels\TasksViewModel.cpp" />
    <ClCompile Include="mvvm_framework\mvvm_framework_events.cpp">
      <Filter>mvvm_framework</Filter>
    </ClCompile>
    <ClCompile Include="Core\Aria2\Aria2Models.cpp">
      <Filter>Core\Aria2</Filter>
    </ClCompile>
    <ClCompile Include="Core\Aria2\JsonRpc2.cpp">
      <Filter>Core\Aria2</Filter>
    </ClCompile>
    <ClCompile Include="Core\Aria2\Aria2Engine.cpp">
      <Filter>Core\Aria2</Filter>
    </ClCompile>
    <ClCompile Include="Core\DownloadManager.cpp">
      <Filter>Core</Filter>
    </ClCompile>
    <ClCompile Include="UI\Xaml\View\Pages\SettingsPages\Folder.cpp">
      <Filter>UI\Xaml\View\Pages\SettingsPages</Filter>
    </ClCompile>
    <ClCompile Include="Core\DataGraph\ReadableUnitConverterWinRT.cpp">
      <Filter>Core\DataGraph</Filter>
    </ClCompile>
    <ClCompile Include="Core\DataGraph\SpeedGraphData.cpp">
      <Filter>Core\DataGraph</Filter>
    </ClCompile>
    <ClCompile Include="ViewModels\ViewModelLocator.cpp">
      <Filter>ViewModels</Filter>
    </ClCompile>
    <ClCompile Include="Helpers\ThemeHelper.cpp">
      <Filter>Helpers</Filter>
    </ClCompile>
    <ClCompile Include="UI\Xaml\Control\Card\TitleCard.cpp" />
    <ClCompile Include="main.cpp" />
    <ClCompile Include="UI\Xaml\Media\Animations\Implicit.cpp">
      <Filter>UI\Xaml\Media\Animations</Filter>
    </ClCompile>
    <ClCompile Include="UI\Xaml\Media\Animations\ImplicitAnimationSet.cpp">
      <Filter>UI\Xaml\Media\Animations</Filter>
    </ClCompile>
    <ClCompile Include="UI\Xaml\Media\Animations\OffsetAnimation.cpp">
      <Filter>UI\Xaml\Media\Animations</Filter>
    </ClCompile>
    <ClCompile Include="Core\Utils\Misc.cpp">
      <Filter>Core\Utils</Filter>
    </ClCompile>
    <ClCompile Include="UI\Xaml\Media\Animations\OpacityAnimation.cpp" />
    <ClCompile Include="Core\Utils\Message.cpp">
      <Filter>Core\Utils</Filter>
    </ClCompile>
    <ClCompile Include="Core\IO\FileOperation.cpp">
      <Filter>Core\IO</Filter>
    </ClCompile>
    <ClCompile Include="Core\IO\FileSystem.cpp">
      <Filter>Core\IO</Filter>
    </ClCompile>
    <ClCompile Include="Core\AppEnvironment.cpp">
      <Filter>Core</Filter>
    </ClCompile>
    <ClCompile Include="Core\AppSettingsDatabase.cpp">
      <Filter>Core</Filter>
    </ClCompile>
    <ClCompile Include="Core\DataGraph\SpeedGraphDatabase.cpp">
      <Filter>Core\DataGraph</Filter>
    </ClCompile>
    <ClCompile Include="UI\Xaml\View\Dialog\OperationProgressDialog.cpp">
      <Filter>UI\Xaml\View\Dialog</Filter>
    </ClCompile>
    <ClCompile Include="UI\Xaml\Media\Backdrop\InputActiveDesktopAcrylicBackdrop.cpp" />
    <ClCompile Include="UI\Xaml\Media\Pipelines\PipelineBuilder.cpp">
      <Filter>UI\Xaml\Media\Pipelines</Filter>
    </ClCompile>
    <ClCompile Include="UI\Xaml\Media\Pipelines\PipelineBrush.cpp">
      <Filter>UI\Xaml\Media\Pipelines</Filter>
    </ClCompile>
    <ClCompile Include="UI\Xaml\Media\Effects\PipelineEffect.cpp">
      <Filter>UI\Xaml\Media\Effects</Filter>
    </ClCompile>
    <ClCompile Include="UI\Xaml\Media\Effects\EffectTypes.cpp">
      <Filter>UI\Xaml\Media\Effects</Filter>
    </ClCompile>
    <ClCompile Include="UI\Xaml\Media\Brushes\BrushTypes.cpp">
      <Filter>UI\Xaml\Media\Brushes</Filter>
    </ClCompile>
    <ClCompile Include="UI\Xaml\Media\Shadows\AttachedCardShadow.cpp">
      <Filter>UI\Xaml\Media\Shadows</Filter>
    </ClCompile>
    <ClCompile Include="UI\Xaml\Media\Visuals\VisualTypes.cpp">
      <Filter>UI\Xaml\Media\Visuals</Filter>
    </ClCompile>
    <ClCompile Include="UI\Xaml\Media\Animations\EffectAnimationTypes.cpp">
      <Filter>UI\Xaml\Media\Animations</Filter>
    </ClCompile>
    <ClCompile Include="Core\torrentCore\TorrentMetadataFetcher.cpp" />
    <ClCompile Include="ViewModels\TorrentMetadataViewModel.cpp" />
    <ClCompile Include="ViewModels\RSSViewModel.cpp" />
    <ClCompile Include="Core\Torrent\TrackerManager.cpp" />
    <ClCompile Include="ViewModels\TrackersSettingsViewModel.cpp" />
    <ClCompile Include="Core\RSS\RSSLinkResolver.cpp">
      <Filter>Core\RSS</Filter>
    </ClCompile>
    <ClCompile Include="Core\RSS\RSSDatabase.cpp">
      <Filter>Core\RSS</Filter>
    </ClCompile>
    <ClCompile Include="Core\HttpStateManager.cpp" />
    <ClCompile Include="Core\TorrentSettings.cpp" />
    <ClCompile Include="UI\Xaml\Control\HomePage\Header\HeaderCarousel.xaml.cpp">
      <Filter>UI\Xaml\Control\HomePage\Header</Filter>
    </ClCompile>
    <ClCompile Include="UI\Xaml\Control\HomePage\Header\HeaderTile.cpp">
      <Filter>UI\Xaml\Control\HomePage\Header</Filter>
    </ClCompile>
    <ClCompile Include="UI\Xaml\Control\HomePage\Header\HoverLight.cpp">
      <Filter>UI\Xaml\Control\HomePage\Header</Filter>
    </ClCompile>
    <ClCompile Include="UI\Xaml\Control\HomePage\Header\AmbLight.cpp">
      <Filter>UI\Xaml\Control\HomePage\Header</Filter>
    </ClCompile>
    <ClCompile Include="UI\Xaml\Control\HomePage\Header\AnimatedImage.xaml.cpp">
      <Filter>UI\Xaml\Control\HomePage\Header</Filter>
    </ClCompile>
    <ClCompile Include="UI\Xaml\Behaviors\Headers\StickyHeaderBehavior.cpp">
      <Filter>UI\Behaviors\Headers</Filter>
    </ClCompile>
    <ClCompile Include="Core\RSS\RSSParser.cpp">
      <Filter>Core\RSS</Filter>
    </ClCompile>
    <ClCompile Include="Core\P2PManager.cpp">
      <Filter>Core\RSS</Filter>
    </ClCompile>
    <ClCompile Include="Core\RSS\RSSManager.cpp">
      <Filter>Core\RSS</Filter>
    </ClCompile>
    <ClCompile Include="UI\Xaml\View\Pages\SettingsPages\AdvancedOptionItem.cpp">
      <Filter>UI\Xaml\View\Pages\SettingsPages</Filter>
    </ClCompile>
    <ClCompile Include="UI\Xaml\Behaviors\Headers\HeaderBehaviorBase.cpp">
      <Filter>UI\Behaviors\Headers</Filter>
    </ClCompile>
    <ClCompile Include="UI\Xaml\Behaviors\BehaviorBase.cpp">
      <Filter>UI\Behaviors</Filter>
    </ClCompile>
    <ClCompile Include="Core\IPFilter\IPFilterManager.cpp">
      <Filter>Core\IPFilter</Filter>
    </ClCompile>
    <ClCompile Include="Core\GeoIP\GeoIPManager.cpp">
      <Filter>Core\GeoIP</Filter>
    </ClCompile>
    <ClCompile Include="Core\ApplicationModel\PackageIdentityAdapter.cpp" />
    <ClCompile Include="ThirdParty\RepoInfo.cpp" />
    <ClCompile Include="Web\Request\Builder\GithubRequest.cpp" />
  </ItemGroup>
  <ItemGroup>
    <ClInclude Include="pch.h" />
    <ClInclude Include="ViewModels\MainViewModel.h" />
    <ClInclude Include="Core\CryptoManager.h">
      <Filter>Core</Filter>
    </ClInclude>
    <ClInclude Include="Core\FileTransferEngine.h">
      <Filter>Core</Filter>
    </ClInclude>
    <ClInclude Include="Core\NetworkDetector.h">
      <Filter>Core</Filter>
    </ClInclude>
    <ClInclude Include="Core\Aria2\Aria2Helpers.h">
      <Filter>Core\Aria2</Filter>
    </ClInclude>
    <ClInclude Include="Core\Aria2\Aria2Models.h">
      <Filter>Core\Aria2</Filter>
    </ClInclude>
    <ClInclude Include="Core\Aria2\JsonRpc2.h">
      <Filter>Core\Aria2</Filter>
    </ClInclude>
    <ClInclude Include="Core\Aria2\Aria2Engine.h">
      <Filter>Core\Aria2</Filter>
    </ClInclude>
    <ClInclude Include="Core\DownloadManager.h">
      <Filter>Core</Filter>
    </ClInclude>
    <ClInclude Include="Models\NetworkInfo.h">
      <Filter>Models</Filter>
    </ClInclude>
    <ClInclude Include="Models\PeerInfo.h">
      <Filter>Models</Filter>
    </ClInclude>
    <ClInclude Include="Models\TransferInfo.h">
      <Filter>Models</Filter>
    </ClInclude>
    <ClInclude Include="ViewModels\MainViewModel.h">
      <Filter>ViewModels</Filter>
    </ClInclude>
    <ClInclude Include="ViewModels\NetworkSettingsViewModel.h">
      <Filter>ViewModels</Filter>
    </ClInclude>
    <ClInclude Include="ViewModels\NetworkViewModel.h">
      <Filter>ViewModels</Filter>
    </ClInclude>
    <ClInclude Include="ViewModels\ObservableObject.h">
      <Filter>ViewModels</Filter>
    </ClInclude>
    <ClInclude Include="ViewModels\PeerViewModel.h">
      <Filter>ViewModels</Filter>
    </ClInclude>
    <ClInclude Include="ViewModels\SettingsViewModel.h">
      <Filter>ViewModels</Filter>
    </ClInclude>
    <ClInclude Include="ViewModels\TransferViewModel.h">
      <Filter>ViewModels</Filter>
    </ClInclude>
    <ClInclude Include="ThirdParty\Sqlite\sqlite3.h">
      <Filter>ThirdPatry\sqlite</Filter>
    </ClInclude>
    <ClInclude Include="Models\NetModel.h" />
    <ClInclude Include="Helpers\NavItemIconHelper.h" />
    <ClInclude Include="Helpers\WindowHelper.h">
      <Filter>Helpers</Filter>
    </ClInclude>
    <ClInclude Include="Core\torrentCore\libtorrentHandle.h">
      <Filter>Core\torrentCore</Filter>
    </ClInclude>
    <ClInclude Include="Core\torrentCore\TorrentStateManager.h">
      <Filter>Core\torrentCore</Filter>
    </ClInclude>
    <ClInclude Include="ViewModels\TaskViewModel.h">
      <Filter>ViewModels</Filter>
    </ClInclude>
    <ClInclude Include="ViewModels\DisplayItems.h">
      <Filter>ViewModels</Filter>
    </ClInclude>
    <ClInclude Include="ViewModels\TasksViewModel.h" />
    <ClInclude Include="resource.h" />
    <ClInclude Include="mvvm_framework\async_command.h">
      <Filter>mvvm_framework</Filter>
    </ClInclude>
    <ClInclude Include="mvvm_framework\async_command_builder.h">
      <Filter>mvvm_framework</Filter>
    </ClInclude>
    <ClInclude Include="mvvm_framework\delegate_command.h">
      <Filter>mvvm_framework</Filter>
    </ClInclude>
    <ClInclude Include="mvvm_framework\delegate_command_builder.h">
      <Filter>mvvm_framework</Filter>
    </ClInclude>
    <ClInclude Include="mvvm_framework\mvvm_diagnostics.h">
      <Filter>mvvm_framework</Filter>
    </ClInclude>
    <ClInclude Include="mvvm_framework\mvvm_framework_events.h">
      <Filter>mvvm_framework</Filter>
    </ClInclude>
    <ClInclude Include="mvvm_framework\mvvm_hresult_helper.h">
      <Filter>mvvm_framework</Filter>
    </ClInclude>
    <ClInclude Include="mvvm_framework\name_of.h">
      <Filter>mvvm_framework</Filter>
    </ClInclude>
    <ClInclude Include="mvvm_framework\notify_property_changed.h">
      <Filter>mvvm_framework</Filter>
    </ClInclude>
    <ClInclude Include="mvvm_framework\view.h">
      <Filter>mvvm_framework</Filter>
    </ClInclude>
    <ClInclude Include="mvvm_framework\view_model.h">
      <Filter>mvvm_framework</Filter>
    </ClInclude>
    <ClInclude Include="mvvm_framework\view_model_base.h">
      <Filter>mvvm_framework</Filter>
    </ClInclude>
    <ClInclude Include="mvvm_framework\view_sync_data_context.h">
      <Filter>mvvm_framework</Filter>
    </ClInclude>
    <ClInclude Include="mvvm_framework\subscription_tracker.h">
      <Filter>mvvm_framework</Filter>
    </ClInclude>
    <ClInclude Include="mvvm_framework\property_macros.h">
      <Filter>mvvm_framework</Filter>
    </ClInclude>
    <ClInclude Include="Helpers\ObjectConverter.hpp">
      <Filter>ViewModels</Filter>
    </ClInclude>
    <ClInclude Include="ViewModels\ObservableMixin.h">
      <Filter>ViewModels</Filter>
    </ClInclude>
    <ClInclude Include="UI\Xaml\View\Pages\SettingsPages\Folder.h">
      <Filter>UI\Xaml\View\Pages\SettingsPages</Filter>
    </ClInclude>
    <ClInclude Include="Core\DataGraph\ReadableUnitConverter.h">
      <Filter>Core\DataGraph</Filter>
    </ClInclude>
    <ClInclude Include="Core\DataGraph\ReadableUnitConverterWinRT.h">
      <Filter>Core\DataGraph</Filter>
    </ClInclude>
    <ClInclude Include="Core\DataGraph\SpeedGraphData.h">
      <Filter>Core\DataGraph</Filter>
    </ClInclude>
    <ClInclude Include="ViewModels\ViewModelLocator.h">
      <Filter>ViewModels</Filter>
    </ClInclude>
    <ClInclude Include="Helpers\ThemeHelper.h">
      <Filter>Helpers</Filter>
    </ClInclude>
    <ClInclude Include="UI\Xaml\Media\Animations\ImplicitAnimationSet.h">
      <Filter>UI\Xaml\Media\Animations</Filter>
    </ClInclude>
    <ClInclude Include="UI\Xaml\Media\Animations\Implicit.h">
      <Filter>UI\Xaml\Media\Animations</Filter>
    </ClInclude>
    <ClInclude Include="UI\Xaml\Media\Animations\OffsetAnimation.h">
      <Filter>UI\Xaml\Media\Animations</Filter>
    </ClInclude>
    <ClInclude Include="Core\Utils\Misc.h">
      <Filter>Core\Utils</Filter>
    </ClInclude>
    <ClInclude Include="UI\Xaml\Media\Animations\OpacityAnimation.h" />
    <ClInclude Include="Core\Utils\Message.h">
      <Filter>Core\Utils</Filter>
    </ClInclude>
    <ClInclude Include="Core\IO\FileSystem.h">
      <Filter>Core\IO</Filter>
    </ClInclude>
    <ClInclude Include="Core\IO\FileOperation.h">
      <Filter>Core\IO</Filter>
    </ClInclude>
    <ClInclude Include="Core\AppEnvironment.h">
      <Filter>Core</Filter>
    </ClInclude>
    <ClInclude Include="Core\AppSettingsDatabase.h">
      <Filter>Core</Filter>
    </ClInclude>
    <ClInclude Include="Core\DataGraph\SpeedGraphDatabase.h">
      <Filter>Core\DataGraph</Filter>
    </ClInclude>
    <ClInclude Include="UI\Xaml\View\Dialog\OperationProgressDialog.h">
      <Filter>UI\Xaml\View\Dialog</Filter>
    </ClInclude>
    <ClInclude Include="Core\torrentCore\TorrentMetadataFetcher.h" />
    <ClInclude Include="Core\torrentCore\TorrentMetadataInfo.h" />
    <ClInclude Include="ViewModels\TorrentMetadataViewModel.h" />
    <ClInclude Include="ViewModels\RSSViewModel.h" />
    <ClInclude Include="Core\Torrent\TrackerManager.h" />
    <ClInclude Include="ViewModels\TrackersSettingsViewModel.h" />
    <ClInclude Include="Core\RSS\RSSLinkResolver.h">
      <Filter>Core\RSS</Filter>
    </ClInclude>
    <ClInclude Include="Core\RSS\RSSDatabase.h">
      <Filter>Core\RSS</Filter>
    </ClInclude>
    <ClInclude Include="Core\TorrentSettings.h" />
    <ClInclude Include="Core\HttpStateManager.h" />
    <ClInclude Include="UI\Xaml\Control\HomePage\Header\HeaderCarousel.xaml.h">
      <Filter>UI\Xaml\Control\HomePage\Header</Filter>
    </ClInclude>
    <ClInclude Include="UI\Xaml\Control\HomePage\Header\HeaderTile.h">
      <Filter>UI\Xaml\Control\HomePage\Header</Filter>
    </ClInclude>
    <ClInclude Include="UI\Xaml\Control\HomePage\Header\HoverLight.h">
      <Filter>UI\Xaml\Control\HomePage\Header</Filter>
    </ClInclude>
    <ClInclude Include="UI\Xaml\Control\HomePage\Header\AmbLight.h">
      <Filter>UI\Xaml\Control\HomePage\Header</Filter>
    </ClInclude>
    <ClInclude Include="UI\Xaml\Control\HomePage\Header\AnimatedImage.xaml.h">
      <Filter>UI\Xaml\Control\HomePage\Header</Filter>
    </ClInclude>
    <ClInclude Include="UI\Xaml\Media\Effects\GaussianBlurEffect.h">
      <Filter>UI\Xaml\Media\Effects</Filter>
    </ClInclude>
    <ClInclude Include="UI\Xaml\Media\Effects\PipelineEffect.h">
      <Filter>UI\Xaml\Media\Effects</Filter>
    </ClInclude>
    <ClInclude Include="UI\Xaml\Media\Effects\EffectTypes.h">
      <Filter>UI\Xaml\Media\Effects</Filter>
    </ClInclude>
    <ClInclude Include="UI\Xaml\Media\Pipelines\PipelineBuilder.h">
      <Filter>UI\Xaml\Media\Pipelines</Filter>
    </ClInclude>
    <ClInclude Include="UI\Xaml\Media\Pipelines\PipelineBrush.h">
      <Filter>UI\Xaml\Media\Pipelines</Filter>
    </ClInclude>
    <ClInclude Include="UI\Xaml\Media\Visuals\PipelineVisualFactoryHelper.h">
      <Filter>UI\Xaml\Media\Visuals</Filter>
    </ClInclude>
    <ClInclude Include="UI\Xaml\Media\Visuals\VisualTypes.h">
      <Filter>UI\Xaml\Media\Visuals</Filter>
    </ClInclude>
    <ClInclude Include="UI\Xaml\Media\Shadows\AttachedCardShadow.h">
      <Filter>UI\Xaml\Media\Shadows</Filter>
    </ClInclude>
    <ClInclude Include="UI\Xaml\Media\Animations\EffectAnimationTypes.h">
      <Filter>UI\Xaml\Media\Animations</Filter>
    </ClInclude>
    <ClInclude Include="UI\Xaml\Media\Helpers\AsyncMutex.h">
      <Filter>UI\Xaml\Media\Helpers</Filter>
    </ClInclude>
    <ClInclude Include="UI\Xaml\Media\Helpers\CompositionExtensions.h">
      <Filter>UI\Xaml\Media\Helpers</Filter>
    </ClInclude>
    <ClInclude Include="UI\Xaml\Media\Helpers\SurfaceLoader.h">
      <Filter>UI\Xaml\Media\Helpers</Filter>
    </ClInclude>
    <ClInclude Include="UI\Xaml\Media\Brushes\BrushTypes.h">
      <Filter>UI\Xaml\Media\Brushes</Filter>
    </ClInclude>
    <ClInclude Include="Core\RSS\RSSTypes.h">
      <Filter>Core\RSS</Filter>
    </ClInclude>
    <ClInclude Include="Core\RSS\RSSParser.h">
      <Filter>Core\RSS</Filter>
    </ClInclude>
    <ClInclude Include="Core\RSS\RSSManager.h">
      <Filter>Core\RSS</Filter>
    </ClInclude>
    <ClInclude Include="Core\P2PManager.h">
      <Filter>Core\RSS</Filter>
    </ClInclude>
    <ClInclude Include="UI\Xaml\View\Pages\SettingsPages\AdvancedOptionItem.h">
      <Filter>UI\Xaml\View\Pages\SettingsPages</Filter>
    </ClInclude>
    <ClInclude Include="UI\Xaml\Behaviors\VisualTreeHelperEx.h">
      <Filter>UI\Behaviors</Filter>
    </ClInclude>
    <ClInclude Include="Core\IPFilter\IPFilterManager.h">
      <Filter>Core\IPFilter</Filter>
    </ClInclude>
    <ClInclude Include="Core\GeoIP\GeoIPManager.h">
      <Filter>Core\GeoIP</Filter>
    </ClInclude>
    <ClInclude Include="Core\ApplicationModel\PackageIdentityAdapter.h" />
    <ClInclude Include="ThirdParty\RepoInfo.h" />
    <ClInclude Include="Web\Request\Builder\GithubRequest.h" />
    <ClInclude Include="Pages\SettingsPages\SettingsPage.xaml.h" />
  </ItemGroup>
  <ItemGroup>
    <Image Include="Assets\AppIcons\SmallTile.scale-100.png">
      <Filter>Assets\AppIcons</Filter>
    </Image>
    <Image Include="Assets\AppIcons\SmallTile.scale-125.png">
      <Filter>Assets\AppIcons</Filter>
    </Image>
    <Image Include="Assets\AppIcons\SmallTile.scale-150.png">
      <Filter>Assets\AppIcons</Filter>
    </Image>
    <Image Include="Assets\AppIcons\SmallTile.scale-200.png">
      <Filter>Assets\AppIcons</Filter>
    </Image>
    <Image Include="Assets\AppIcons\SmallTile.scale-400.png">
      <Filter>Assets\AppIcons</Filter>
    </Image>
    <Image Include="Assets\AppIcons\Square150x150Logo.scale-100.png">
      <Filter>Assets\AppIcons</Filter>
    </Image>
    <Image Include="Assets\AppIcons\Square150x150Logo.scale-125.png">
      <Filter>Assets\AppIcons</Filter>
    </Image>
    <Image Include="Assets\AppIcons\Square150x150Logo.scale-150.png">
      <Filter>Assets\AppIcons</Filter>
    </Image>
    <Image Include="Assets\AppIcons\Square150x150Logo.scale-200.png">
      <Filter>Assets\AppIcons</Filter>
    </Image>
    <Image Include="Assets\AppIcons\Square150x150Logo.scale-400.png">
      <Filter>Assets\AppIcons</Filter>
    </Image>
    <Image Include="Assets\AppIcons\Wide310x150Logo.scale-100.png">
      <Filter>Assets\AppIcons</Filter>
    </Image>
    <Image Include="Assets\AppIcons\Wide310x150Logo.scale-125.png">
      <Filter>Assets\AppIcons</Filter>
    </Image>
    <Image Include="Assets\AppIcons\Wide310x150Logo.scale-150.png">
      <Filter>Assets\AppIcons</Filter>
    </Image>
    <Image Include="Assets\AppIcons\Wide310x150Logo.scale-200.png">
      <Filter>Assets\AppIcons</Filter>
    </Image>
    <Image Include="Assets\AppIcons\Wide310x150Logo.scale-400.png">
      <Filter>Assets\AppIcons</Filter>
    </Image>
    <Image Include="Assets\AppIcons\LargeTile.scale-100.png">
      <Filter>Assets\AppIcons</Filter>
    </Image>
    <Image Include="Assets\AppIcons\LargeTile.scale-125.png">
      <Filter>Assets\AppIcons</Filter>
    </Image>
    <Image Include="Assets\AppIcons\LargeTile.scale-150.png">
      <Filter>Assets\AppIcons</Filter>
    </Image>
    <Image Include="Assets\AppIcons\LargeTile.scale-200.png">
      <Filter>Assets\AppIcons</Filter>
    </Image>
    <Image Include="Assets\AppIcons\LargeTile.scale-400.png">
      <Filter>Assets\AppIcons</Filter>
    </Image>
    <Image Include="Assets\AppIcons\Square44x44Logo.scale-100.png">
      <Filter>Assets\AppIcons</Filter>
    </Image>
    <Image Include="Assets\AppIcons\Square44x44Logo.scale-125.png">
      <Filter>Assets\AppIcons</Filter>
    </Image>
    <Image Include="Assets\AppIcons\Square44x44Logo.scale-150.png">
      <Filter>Assets\AppIcons</Filter>
    </Image>
    <Image Include="Assets\AppIcons\Square44x44Logo.scale-200.png">
      <Filter>Assets\AppIcons</Filter>
    </Image>
    <Image Include="Assets\AppIcons\Square44x44Logo.scale-400.png">
      <Filter>Assets\AppIcons</Filter>
    </Image>
    <Image Include="Assets\AppIcons\Square44x44Logo.targetsize-16.png">
      <Filter>Assets\AppIcons</Filter>
    </Image>
    <Image Include="Assets\AppIcons\Square44x44Logo.targetsize-24.png">
      <Filter>Assets\AppIcons</Filter>
    </Image>
    <Image Include="Assets\AppIcons\Square44x44Logo.targetsize-32.png">
      <Filter>Assets\AppIcons</Filter>
    </Image>
    <Image Include="Assets\AppIcons\Square44x44Logo.targetsize-48.png">
      <Filter>Assets\AppIcons</Filter>
    </Image>
    <Image Include="Assets\AppIcons\Square44x44Logo.targetsize-256.png">
      <Filter>Assets\AppIcons</Filter>
    </Image>
    <Image Include="Assets\AppIcons\Square44x44Logo.altform-unplated_targetsize-16.png">
      <Filter>Assets\AppIcons</Filter>
    </Image>
    <Image Include="Assets\AppIcons\Square44x44Logo.altform-unplated_targetsize-24.png">
      <Filter>Assets\AppIcons</Filter>
    </Image>
    <Image Include="Assets\AppIcons\Square44x44Logo.altform-unplated_targetsize-32.png">
      <Filter>Assets\AppIcons</Filter>
    </Image>
    <Image Include="Assets\AppIcons\Square44x44Logo.altform-unplated_targetsize-48.png">
      <Filter>Assets\AppIcons</Filter>
    </Image>
    <Image Include="Assets\AppIcons\Square44x44Logo.altform-unplated_targetsize-256.png">
      <Filter>Assets\AppIcons</Filter>
    </Image>
    <Image Include="Assets\AppIcons\Square44x44Logo.altform-lightunplated_targetsize-16.png">
      <Filter>Assets\AppIcons</Filter>
    </Image>
    <Image Include="Assets\AppIcons\Square44x44Logo.altform-lightunplated_targetsize-24.png">
      <Filter>Assets\AppIcons</Filter>
    </Image>
    <Image Include="Assets\AppIcons\Square44x44Logo.altform-lightunplated_targetsize-32.png">
      <Filter>Assets\AppIcons</Filter>
    </Image>
    <Image Include="Assets\AppIcons\Square44x44Logo.altform-lightunplated_targetsize-48.png">
      <Filter>Assets\AppIcons</Filter>
    </Image>
    <Image Include="Assets\AppIcons\Square44x44Logo.altform-lightunplated_targetsize-256.png">
      <Filter>Assets\AppIcons</Filter>
    </Image>
    <Image Include="Assets\AppIcons\SplashScreen.scale-100.png">
      <Filter>Assets\AppIcons</Filter>
    </Image>
    <Image Include="Assets\AppIcons\SplashScreen.scale-125.png">
      <Filter>Assets\AppIcons</Filter>
    </Image>
    <Image Include="Assets\AppIcons\SplashScreen.scale-150.png">
      <Filter>Assets\AppIcons</Filter>
    </Image>
    <Image Include="Assets\AppIcons\SplashScreen.scale-200.png">
      <Filter>Assets\AppIcons</Filter>
    </Image>
    <Image Include="Assets\AppIcons\SplashScreen.scale-400.png">
      <Filter>Assets\AppIcons</Filter>
    </Image>
    <Image Include="Assets\AppIcons\BadgeLogo.scale-100.png">
      <Filter>Assets\AppIcons</Filter>
    </Image>
    <Image Include="Assets\AppIcons\BadgeLogo.scale-125.png">
      <Filter>Assets\AppIcons</Filter>
    </Image>
    <Image Include="Assets\AppIcons\BadgeLogo.scale-150.png">
      <Filter>Assets\AppIcons</Filter>
    </Image>
    <Image Include="Assets\AppIcons\BadgeLogo.scale-200.png">
      <Filter>Assets\AppIcons</Filter>
    </Image>
    <Image Include="Assets\AppIcons\BadgeLogo.scale-400.png">
      <Filter>Assets\AppIcons</Filter>
    </Image>
    <Image Include="Assets\AppIcons\StoreLogo.scale-100.png">
      <Filter>Assets\AppIcons</Filter>
    </Image>
    <Image Include="Assets\AppIcons\StoreLogo.scale-125.png">
      <Filter>Assets\AppIcons</Filter>
    </Image>
    <Image Include="Assets\AppIcons\StoreLogo.scale-150.png">
      <Filter>Assets\AppIcons</Filter>
    </Image>
    <Image Include="Assets\AppIcons\StoreLogo.scale-200.png">
      <Filter>Assets\AppIcons</Filter>
    </Image>
    <Image Include="Assets\AppIcons\StoreLogo.scale-400.png">
      <Filter>Assets\AppIcons</Filter>
    </Image>
    <Image Include="Assets\AppIcons\win3264.ico">
      <Filter>Assets\AppIcons</Filter>
    </Image>
    <Image Include="Assets\TileImages\FileTransfer.png" />
    <Image Include="Assets\TileImages\NetworkDiscovery.png" />
    <Image Include="Assets\TileImages\PeerChat.png" />
    <Image Include="Assets\TileImages\VPNTunnel.png" />
    <Image Include="Assets\TileImages\SharedStorage.png" />
    <Image Include="Assets\TileImages\BandwidthMonitor.png" />
  </ItemGroup>
  <ItemGroup>
    <Filter Include="Assets">
      <UniqueIdentifier>{ae5a0548-f283-4027-86e1-fdeef7890657}</UniqueIdentifier>
    </Filter>
    <Filter Include="Assets\AppIcons">
      <UniqueIdentifier>{b5c611d7-3348-47b2-8cbc-dcdbb9b4c809}</UniqueIdentifier>
    </Filter>
    <Filter Include="Core">
      <UniqueIdentifier>{25f4f7a9-a6a6-42d7-a58a-67d0c9cc9100}</UniqueIdentifier>
    </Filter>
    <Filter Include="ViewModels">
      <UniqueIdentifier>{bbc0eb31-a734-4422-8390-49e5083355b0}</UniqueIdentifier>
    </Filter>
    <Filter Include="Models">
      <UniqueIdentifier>{50e5bf60-9e2a-458d-9ce3-e99b668889c3}</UniqueIdentifier>
    </Filter>
    <Filter Include="ThirdPatry">
      <UniqueIdentifier>{7bbd171c-6c44-4be9-a17a-53c054053c44}</UniqueIdentifier>
    </Filter>
    <Filter Include="Themes">
      <UniqueIdentifier>{854975a4-ced1-42ff-8d93-dd91a7854850}</UniqueIdentifier>
    </Filter>
    <Filter Include="Pages">
      <UniqueIdentifier>{775be7c6-6dd1-4ce1-bd2a-644ed61cd0bd}</UniqueIdentifier>
    </Filter>
    <Filter Include="ThirdPatry\sqlite">
      <UniqueIdentifier>{44edee1c-33f7-44a2-9bb4-b859145622ac}</UniqueIdentifier>
    </Filter>
    <Filter Include="Helpers">
      <UniqueIdentifier>{d2535c01-702d-4139-a773-5bdf1cd070a2}</UniqueIdentifier>
    </Filter>
    <Filter Include="Styles">
      <UniqueIdentifier>{172a2679-24b3-4263-85e8-296789ec06ab}</UniqueIdentifier>
    </Filter>
    <Filter Include="Core\torrentCore">
      <UniqueIdentifier>{b551d157-3814-44d1-8031-64907be98514}</UniqueIdentifier>
    </Filter>
    <Filter Include="Core\Aria2">
      <UniqueIdentifier>{a2e1f3c0-7d4b-4e5a-9c8d-1b2a3f4e5d6c}</UniqueIdentifier>
    </Filter>
    <Filter Include="mvvm_framework">
      <UniqueIdentifier>{fffe3c36-0f8e-4481-b97a-ccc76870e6b5}</UniqueIdentifier>
    </Filter>
    <Filter Include="Strings">
      <UniqueIdentifier>{898f0c0c-461f-4218-9b56-300158176aef}</UniqueIdentifier>
    </Filter>
    <Filter Include="UI\Xaml\View\Pages\SettingsPages">
      <UniqueIdentifier>{69bf7159-e0d7-4f9b-82f8-4da7a509e3a6}</UniqueIdentifier>
    </Filter>
    <Filter Include="UI\Xaml\View\Pages\ThemesSwitcher">
      <UniqueIdentifier>{b08cf51f-104f-4429-ac30-3550aa007be9}</UniqueIdentifier>
    </Filter>
    <Filter Include="Controls">
      <UniqueIdentifier>{f64d18af-00d4-4982-a2e3-9f2822bfcdfe}</UniqueIdentifier>
    </Filter>
    <Filter Include="Controls\SpeedGraph">
      <UniqueIdentifier>{52e4432b-554b-4c5f-a2b3-27854db84b74}</UniqueIdentifier>
    </Filter>
    <Filter Include="Core\DataGraph">
      <UniqueIdentifier>{ec481637-b160-491f-a326-b558a89c62fb}</UniqueIdentifier>
    </Filter>
    <Filter Include="UI">
      <UniqueIdentifier>{460f035a-2fc2-42a1-8f53-08b450198a07}</UniqueIdentifier>
    </Filter>
    <Filter Include="UI\Xaml">
      <UniqueIdentifier>{02ab9f3b-87a6-4408-8a15-abb262c5d4b2}</UniqueIdentifier>
    </Filter>
    <Filter Include="UI\Xaml\View">
      <UniqueIdentifier>{42d295c1-6bcb-403b-a0c5-e6154d0e037a}</UniqueIdentifier>
    </Filter>
    <Filter Include="UI\Xaml\View\Windows">
      <UniqueIdentifier>{f717f290-9757-4926-9717-daaf86781a5e}</UniqueIdentifier>
    </Filter>
    <Filter Include="UI\Xaml\View\Pages">
      <UniqueIdentifier>{c987e384-6f36-46b2-91e1-bbd6207d2399}</UniqueIdentifier>
    </Filter>
    <Filter Include="UI\Xaml\View\Dialog">
      <UniqueIdentifier>{11704fb4-16c1-43e5-9577-16cb47d04909}</UniqueIdentifier>
    </Filter>
    <Filter Include="UI\Xaml\Media">
      <UniqueIdentifier>{a60a9496-d7a7-4e66-b431-1a3d5094aa94}</UniqueIdentifier>
    </Filter>
    <Filter Include="UI\Xaml\Media\Animations">
      <UniqueIdentifier>{c2a48255-b645-43bf-9d06-8a55e624d5e7}</UniqueIdentifier>
    </Filter>
    <Filter Include="Core\Utils">
      <UniqueIdentifier>{a0191b50-163a-4fd2-a7fb-d9bdc122663b}</UniqueIdentifier>
    </Filter>
    <Filter Include="Assets\ModelIcons">
      <UniqueIdentifier>{640531e3-f87b-463c-898a-57c7eb45544a}</UniqueIdentifier>
    </Filter>
    <Filter Include="UI\Xaml\Control">
      <UniqueIdentifier>{448375cc-a636-46d9-9b48-6e582841d77f}</UniqueIdentifier>
    </Filter>
    <Filter Include="UI\Xaml\Control\Card">
      <UniqueIdentifier>{8865e15d-8ee2-451f-8d77-e61c64ee16da}</UniqueIdentifier>
    </Filter>
    <Filter Include="Core\IO">
      <UniqueIdentifier>{a8e23636-bebc-4885-980e-3f5729f7e6f6}</UniqueIdentifier>
    </Filter>
    <Filter Include="UI\Shell">
      <UniqueIdentifier>{31d5d8ef-3702-43a4-86d5-948c718eaa85}</UniqueIdentifier>
    </Filter>
    <Filter Include="UI\Xaml\Media\Backdrop">
      <UniqueIdentifier>{b22455aa-a07c-4864-8f77-a6a620df33a7}</UniqueIdentifier>
    </Filter>
    <Filter Include="UI\Xaml\Control\HomePage">
      <UniqueIdentifier>{d1a2b3c4-e5f6-7890-abcd-ef1234567890}</UniqueIdentifier>
    </Filter>
    <Filter Include="UI\Xaml\Control\HomePage\Header">
      <UniqueIdentifier>{a1b2c3d4-e5f6-7890-1234-567890abcdef}</UniqueIdentifier>
    </Filter>
    <Filter Include="UI\Xaml\Media\Effects">
      <UniqueIdentifier>{f0e1d2c3-b4a5-6789-0123-456789abcdef}</UniqueIdentifier>
    </Filter>
    <Filter Include="UI\Xaml\Media\Pipelines">
      <UniqueIdentifier>{a1b2c3d4-e5f6-7890-abcd-1234567890ab}</UniqueIdentifier>
    </Filter>
    <Filter Include="UI\Xaml\Media\Visuals">
      <UniqueIdentifier>{b2c3d4e5-f6a7-8901-bcde-2345678901bc}</UniqueIdentifier>
    </Filter>
    <Filter Include="UI\Xaml\Media\Brushes">
      <UniqueIdentifier>{c3d4e5f6-a7b8-9012-cdef-3456789012cd}</UniqueIdentifier>
    </Filter>
    <Filter Include="UI\Xaml\Media\Shadows">
      <UniqueIdentifier>{d4e5f6a7-b8c9-0123-defa-4567890123de}</UniqueIdentifier>
    </Filter>
    <Filter Include="UI\Xaml\Media\Helpers">
      <UniqueIdentifier>{e5f6a7b8-c9d0-1234-efab-5678901234ef}</UniqueIdentifier>
    </Filter>
    <Filter Include="UI\Behaviors">
      <UniqueIdentifier>{4d2e1f47-697a-4208-a477-a2d624a47c4c}</UniqueIdentifier>
    </Filter>
    <Filter Include="UI\Behaviors\Headers">
      <UniqueIdentifier>{22552afb-1ef7-426d-9eae-f5a76f5fd9ea}</UniqueIdentifier>
    </Filter>
    <Filter Include="Core\RSS">
      <UniqueIdentifier>{10e84fea-0a8d-40c3-88ac-918f59810154}</UniqueIdentifier>
    </Filter>
    <Filter Include="UI\Xaml\View\Pages\SettingsPages">
      <UniqueIdentifier>{8ccea5e1-6e8a-479e-93de-cad9dde2d816}</UniqueIdentifier>
    </Filter>
    <Filter Include="Core\IPFilter">
      <UniqueIdentifier>{6c9a7fbe-fa87-4a9c-a114-3a0e4f67c4af}</UniqueIdentifier>
    </Filter>
    <Filter Include="Core\GeoIP">
      <UniqueIdentifier>{7d0b8ace-fb98-5b0d-b225-4b1f5e78d5b0}</UniqueIdentifier>
    </Filter>
  </ItemGroup>
  <ItemGroup>
    <None Include="packages.config" />
    <None Include="vcpkg-configuration.json" />
    <None Include="vcpkg.json" />
    <None Include="Resource.aps" />
    <None Include="Directory.Build.props" />
    <None Include="HybridCRT.props" />
    <None Include="Assets\ModelIcons\GitHub.dark.svg">
      <Filter>Assets\ModelIcons</Filter>
    </None>
    <None Include="Assets\ModelIcons\GitHub.light.svg">
      <Filter>Assets\ModelIcons</Filter>
    </None>
    <None Include="OpenNet_TemporaryKey.pfx" />
    <None Include="UI\Xaml\Behaviors\README.md" />
    <None Include="mvvm_framework\README.md">
      <Filter>UI\Behaviors</Filter>
    </None>
    <None Include="Assets\IP2Location\IP2LOCATION-COUNTRY-MULTILINGUAL.CSV" />
  </ItemGroup>
  <ItemGroup>
    <Natvis Include="$(MSBuildThisFileDirectory)..\..\natvis\wil.natvis" />
    <Natvis Include="$(MSBuildThisFileDirectory)..\..\natvis\wil.natstepfilter" />
  </ItemGroup>
  <ItemGroup>
    <PRIResource Include="Strings\zh-CN\Resources.resw">
      <Filter>Strings</Filter>
    </PRIResource>
    <PRIResource Include="Strings\en-US\Resources.resw">
      <Filter>Strings</Filter>
    </PRIResource>
  </ItemGroup>
  <ItemGroup>
    <ResourceCompile Include="Resource.rc" />
  </ItemGroup>
  <ItemGroup>
    <Manifest Include="app.manifest" />
  </ItemGroup>
  <ItemGroup>
    <AppxManifest Include="Package.Dev.appxmanifest" />
  </ItemGroup>
  <ItemGroup>
    <Text Include="Assets\IP2Location\LICENSE.TXT" />
  </ItemGroup>
</Project>